
Microsoft Visual Studio Solution File, Format Version 12.00
# Visual Studio Version 17
VisualStudioVersion = 17.0.31825.309
MinimumVisualStudioVersion = 10.0.40219.1
Project("{2150E333-8FDC-42A3-9474-1A3956D46DE8}") = "AdminPanel", "AdminPanel", "{F74F6461-8C49-44C0-A7DD-DBACB4D08A78}"
EndProject
Project("{2150E333-8FDC-42A3-9474-1A3956D46DE8}") = "src", "src", "{BC1D2A3D-3EF6-4087-836A-C5C58862244C}"
EndProject
Project("{2150E333-8FDC-42A3-9474-1A3956D46DE8}") = "Client", "Client", "{2667D450-A0C1-453D-8C63-F1DFCC35C5AD}"
EndProject
Project("{2150E333-8FDC-42A3-9474-1A3956D46DE8}") = "Infrastructure", "Infrastructure", "{DC305ADF-2527-4E40-A602-1CF07686834C}"
EndProject
Project("{2150E333-8FDC-42A3-9474-1A3956D46DE8}") = "FileManager", "FileManager", "{EFBA88A2-277C-4757-82C5-5108DBFFE1B0}"
EndProject
Project("{2150E333-8FDC-42A3-9474-1A3956D46DE8}") = "src", "src", "{41B7CDD1-752E-4258-B221-88681E49E2CC}"
EndProject
Project("{2150E333-8FDC-42A3-9474-1A3956D46DE8}") = "Common", "Common", "{F1E88D94-FD44-4A1F-A726-E8F08C3B48E5}"
EndProject
Project("{2150E333-8FDC-42A3-9474-1A3956D46DE8}") = "src", "src", "{8DB07113-4BE3-4E12-A4BE-52EAD113BA7A}"
EndProject
Project("{FAE04EC0-301F-11D3-BF4B-00C04F79EFBC}") = "AdminPanel.Application", "AdminPanel\src\AdminPanel.Application\AdminPanel.Application.csproj", "{2F7FF5DA-1302-0693-5F62-538DCE6D8898}"
EndProject
Project("{FAE04EC0-301F-11D3-BF4B-00C04F79EFBC}") = "AdminPanel.WebApi", "AdminPanel\src\AdminPanel.WebApi\AdminPanel.WebApi.csproj", "{67B5D01B-D7C7-F871-5D5E-D0E02B1A0853}"
EndProject
Project("{FAE04EC0-301F-11D3-BF4B-00C04F79EFBC}") = "Client.Application", "Client\src\Client.Application\Client.Application.csproj", "{4AF36736-B635-FBC9-E41E-C0D83C1B9343}"
EndProject
Project("{FAE04EC0-301F-11D3-BF4B-00C04F79EFBC}") = "Client.WebApi", "Client\src\Client.WebApi\Client.WebApi.csproj", "{CC861215-BD2F-B418-3EBE-6C1C0085D14E}"
EndProject
Project("{FAE04EC0-301F-11D3-BF4B-00C04F79EFBC}") = "Domain", "Common\Domain\Domain.csproj", "{E4B899D9-C164-23F4-E78D-523521FD646A}"
EndProject
Project("{FAE04EC0-301F-11D3-BF4B-00C04F79EFBC}") = "Services", "Common\Services\Services.csproj", "{3EC39390-5A3C-20BD-C51B-A65A57335CDF}"
EndProject
Project("{FAE04EC0-301F-11D3-BF4B-00C04F79EFBC}") = "FileManager.Application", "FileManager\src\FileManager.Application\FileManager.Application.csproj", "{225F120B-0C6F-7BD7-DA5F-D87CC4EEB570}"
EndProject
Project("{FAE04EC0-301F-11D3-BF4B-00C04F79EFBC}") = "FileManager.WebApi", "FileManager\src\FileManager.WebApi\FileManager.WebApi.csproj", "{99099D19-C5B0-0963-D61B-7D9C5601B606}"
EndProject
Project("{FAE04EC0-301F-11D3-BF4B-00C04F79EFBC}") = "Infrastructure.Persistance", "Infrastructure\Infrastructure.Persistance\Infrastructure.Persistance.csproj", "{631CF03E-449D-A5DC-CB09-9506CBF7DF45}"
EndProject
Project("{2150E333-8FDC-42A3-9474-1A3956D46DE8}") = "Solution Items", "Solution Items", "{36D591C7-65C7-A0D1-1CBC-10CDE441BDC8}"
	ProjectSection(SolutionItems) = preProject
		docker-compose.yml = docker-compose.yml
	EndProjectSection
EndProject
Global
	GlobalSection(SolutionConfigurationPlatforms) = preSolution
		Debug|Any CPU = Debug|Any CPU
		Release|Any CPU = Release|Any CPU
	EndGlobalSection
	GlobalSection(ProjectConfigurationPlatforms) = postSolution
		{2F7FF5DA-1302-0693-5F62-538DCE6D8898}.Debug|Any CPU.ActiveCfg = Debug|Any CPU
		{2F7FF5DA-1302-0693-5F62-538DCE6D8898}.Debug|Any CPU.Build.0 = Debug|Any CPU
		{2F7FF5DA-1302-0693-5F62-538DCE6D8898}.Release|Any CPU.ActiveCfg = Release|Any CPU
		{2F7FF5DA-1302-0693-5F62-538DCE6D8898}.Release|Any CPU.Build.0 = Release|Any CPU
		{67B5D01B-D7C7-F871-5D5E-D0E02B1A0853}.Debug|Any CPU.ActiveCfg = Debug|Any CPU
		{67B5D01B-D7C7-F871-5D5E-D0E02B1A0853}.Debug|Any CPU.Build.0 = Debug|Any CPU
		{67B5D01B-D7C7-F871-5D5E-D0E02B1A0853}.Release|Any CPU.ActiveCfg = Release|Any CPU
		{67B5D01B-D7C7-F871-5D5E-D0E02B1A0853}.Release|Any CPU.Build.0 = Release|Any CPU
		{4AF36736-B635-FBC9-E41E-C0D83C1B9343}.Debug|Any CPU.ActiveCfg = Debug|Any CPU
		{4AF36736-B635-FBC9-E41E-C0D83C1B9343}.Debug|Any CPU.Build.0 = Debug|Any CPU
		{4AF36736-B635-FBC9-E41E-C0D83C1B9343}.Release|Any CPU.ActiveCfg = Release|Any CPU
		{4AF36736-B635-FBC9-E41E-C0D83C1B9343}.Release|Any CPU.Build.0 = Release|Any CPU
		{CC861215-BD2F-B418-3EBE-6C1C0085D14E}.Debug|Any CPU.ActiveCfg = Debug|Any CPU
		{CC861215-BD2F-B418-3EBE-6C1C0085D14E}.Debug|Any CPU.Build.0 = Debug|Any CPU
		{CC861215-BD2F-B418-3EBE-6C1C0085D14E}.Release|Any CPU.ActiveCfg = Release|Any CPU
		{CC861215-BD2F-B418-3EBE-6C1C0085D14E}.Release|Any CPU.Build.0 = Release|Any CPU
		{E4B899D9-C164-23F4-E78D-523521FD646A}.Debug|Any CPU.ActiveCfg = Debug|Any CPU
		{E4B899D9-C164-23F4-E78D-523521FD646A}.Debug|Any CPU.Build.0 = Debug|Any CPU
		{E4B899D9-C164-23F4-E78D-523521FD646A}.Release|Any CPU.ActiveCfg = Release|Any CPU
		{E4B899D9-C164-23F4-E78D-523521FD646A}.Release|Any CPU.Build.0 = Release|Any CPU
		{3EC39390-5A3C-20BD-C51B-A65A57335CDF}.Debug|Any CPU.ActiveCfg = Debug|Any CPU
		{3EC39390-5A3C-20BD-C51B-A65A57335CDF}.Debug|Any CPU.Build.0 = Debug|Any CPU
		{3EC39390-5A3C-20BD-C51B-A65A57335CDF}.Release|Any CPU.ActiveCfg = Release|Any CPU
		{3EC39390-5A3C-20BD-C51B-A65A57335CDF}.Release|Any CPU.Build.0 = Release|Any CPU
		{225F120B-0C6F-7BD7-DA5F-D87CC4EEB570}.Debug|Any CPU.ActiveCfg = Debug|Any CPU
		{225F120B-0C6F-7BD7-DA5F-D87CC4EEB570}.Debug|Any CPU.Build.0 = Debug|Any CPU
		{225F120B-0C6F-7BD7-DA5F-D87CC4EEB570}.Release|Any CPU.ActiveCfg = Release|Any CPU
		{225F120B-0C6F-7BD7-DA5F-D87CC4EEB570}.Release|Any CPU.Build.0 = Release|Any CPU
		{99099D19-C5B0-0963-D61B-7D9C5601B606}.Debug|Any CPU.ActiveCfg = Debug|Any CPU
		{99099D19-C5B0-0963-D61B-7D9C5601B606}.Debug|Any CPU.Build.0 = Debug|Any CPU
		{99099D19-C5B0-0963-D61B-7D9C5601B606}.Release|Any CPU.ActiveCfg = Release|Any CPU
		{99099D19-C5B0-0963-D61B-7D9C5601B606}.Release|Any CPU.Build.0 = Release|Any CPU
		{631CF03E-449D-A5DC-CB09-9506CBF7DF45}.Debug|Any CPU.ActiveCfg = Debug|Any CPU
		{631CF03E-449D-A5DC-CB09-9506CBF7DF45}.Debug|Any CPU.Build.0 = Debug|Any CPU
		{631CF03E-449D-A5DC-CB09-9506CBF7DF45}.Release|Any CPU.ActiveCfg = Release|Any CPU
		{631CF03E-449D-A5DC-CB09-9506CBF7DF45}.Release|Any CPU.Build.0 = Release|Any CPU
	EndGlobalSection
	GlobalSection(SolutionProperties) = preSolution
		HideSolutionNode = FALSE
	EndGlobalSection
	GlobalSection(NestedProjects) = preSolution
		{BC1D2A3D-3EF6-4087-836A-C5C58862244C} = {F74F6461-8C49-44C0-A7DD-DBACB4D08A78}
		{41B7CDD1-752E-4258-B221-88681E49E2CC} = {EFBA88A2-277C-4757-82C5-5108DBFFE1B0}
		{8DB07113-4BE3-4E12-A4BE-52EAD113BA7A} = {2667D450-A0C1-453D-8C63-F1DFCC35C5AD}
		{2F7FF5DA-1302-0693-5F62-538DCE6D8898} = {BC1D2A3D-3EF6-4087-836A-C5C58862244C}
		{67B5D01B-D7C7-F871-5D5E-D0E02B1A0853} = {BC1D2A3D-3EF6-4087-836A-C5C58862244C}
		{4AF36736-B635-FBC9-E41E-C0D83C1B9343} = {8DB07113-4BE3-4E12-A4BE-52EAD113BA7A}
		{CC861215-BD2F-B418-3EBE-6C1C0085D14E} = {8DB07113-4BE3-4E12-A4BE-52EAD113BA7A}
		{E4B899D9-C164-23F4-E78D-523521FD646A} = {F1E88D94-FD44-4A1F-A726-E8F08C3B48E5}
		{3EC39390-5A3C-20BD-C51B-A65A57335CDF} = {F1E88D94-FD44-4A1F-A726-E8F08C3B48E5}
		{225F120B-0C6F-7BD7-DA5F-D87CC4EEB570} = {41B7CDD1-752E-4258-B221-88681E49E2CC}
		{99099D19-C5B0-0963-D61B-7D9C5601B606} = {41B7CDD1-752E-4258-B221-88681E49E2CC}
		{631CF03E-449D-A5DC-CB09-9506CBF7DF45} = {DC305ADF-2527-4E40-A602-1CF07686834C}
	EndGlobalSection
	GlobalSection(ExtensibilityGlobals) = postSolution
		SolutionGuid = {B5F68CD9-5A89-4D1E-A117-973879EB3DB6}
	EndGlobalSection
EndGlobal
