
Microsoft Visual Studio Solution File, Format Version 12.00
# Visual Studio Version 17
VisualStudioVersion = 17.0.31825.309
MinimumVisualStudioVersion = 10.0.40219.1
Project("{2150E333-8FDC-42A3-9474-1A3956D46DE8}") = "AdminPanel", "AdminPanel", "{F74F6461-8C49-44C0-A7DD-DBACB4D08A78}"
EndProject
Project("{2150E333-8FDC-42A3-9474-1A3956D46DE8}") = "src", "src", "{BC1D2A3D-3EF6-4087-836A-C5C58862244C}"
EndProject
Project("{9A19103F-16F7-4668-BE54-9A1E7A4F7556}") = "AdminPanel.Application", "AdminPanel.Application\AdminPanel.Application.csproj", "{96897FCC-82FB-44A3-B0F5-23E90F1DDC67}"
EndProject
Project("{9A19103F-16F7-4668-BE54-9A1E7A4F7556}") = "AdminPanel.Web", "AdminPanel.Web\AdminPanel.Web.csproj", "{C90CAD6F-950E-4CB1-8F5D-356C666CA1F1}"
EndProject
Project("{2150E333-8FDC-42A3-9474-1A3956D46DE8}") = "Client", "Client", "{2667D450-A0C1-453D-8C63-F1DFCC35C5AD}"
EndProject
Project("{9A19103F-16F7-4668-BE54-9A1E7A4F7556}") = "Domain", "Domain\Domain.csproj", "{D837C1F0-88BE-4CFB-94E6-E261162EED19}"
EndProject
Project("{2150E333-8FDC-42A3-9474-1A3956D46DE8}") = "Infrastructure", "Infrastructure", "{DC305ADF-2527-4E40-A602-1CF07686834C}"
EndProject
Project("{9A19103F-16F7-4668-BE54-9A1E7A4F7556}") = "Infrastructure.Persistance", "Infrastructure.Persistance\Infrastructure.Persistance.csproj", "{BF27FFFC-2F75-42CC-ADA6-A530C24FCE36}"
EndProject
Project("{2150E333-8FDC-42A3-9474-1A3956D46DE8}") = "FileManager", "FileManager", "{EFBA88A2-277C-4757-82C5-5108DBFFE1B0}"
EndProject
Project("{2150E333-8FDC-42A3-9474-1A3956D46DE8}") = "src", "src", "{41B7CDD1-752E-4258-B221-88681E49E2CC}"
EndProject
Project("{9A19103F-16F7-4668-BE54-9A1E7A4F7556}") = "FileManager", "FileManager\FileManager.csproj", "{801AD7FB-9A76-4904-9BD2-CC40C7061836}"
EndProject
Project("{2150E333-8FDC-42A3-9474-1A3956D46DE8}") = "Common", "Common", "{F1E88D94-FD44-4A1F-A726-E8F08C3B48E5}"
EndProject
Project("{9A19103F-16F7-4668-BE54-9A1E7A4F7556}") = "Services", "Services\Services.csproj", "{70F2FD69-D61E-43B9-8A00-E63EEF5E76E2}"
EndProject
Global
	GlobalSection(SolutionConfigurationPlatforms) = preSolution
		Debug|Any CPU = Debug|Any CPU
		Release|Any CPU = Release|Any CPU
	EndGlobalSection
	GlobalSection(ProjectConfigurationPlatforms) = postSolution
		{96897FCC-82FB-44A3-B0F5-23E90F1DDC67}.Debug|Any CPU.ActiveCfg = Debug|Any CPU
		{96897FCC-82FB-44A3-B0F5-23E90F1DDC67}.Debug|Any CPU.Build.0 = Debug|Any CPU
		{96897FCC-82FB-44A3-B0F5-23E90F1DDC67}.Release|Any CPU.ActiveCfg = Release|Any CPU
		{96897FCC-82FB-44A3-B0F5-23E90F1DDC67}.Release|Any CPU.Build.0 = Release|Any CPU
		{C90CAD6F-950E-4CB1-8F5D-356C666CA1F1}.Debug|Any CPU.ActiveCfg = Debug|Any CPU
		{C90CAD6F-950E-4CB1-8F5D-356C666CA1F1}.Debug|Any CPU.Build.0 = Debug|Any CPU
		{C90CAD6F-950E-4CB1-8F5D-356C666CA1F1}.Release|Any CPU.ActiveCfg = Release|Any CPU
		{C90CAD6F-950E-4CB1-8F5D-356C666CA1F1}.Release|Any CPU.Build.0 = Release|Any CPU
		{D837C1F0-88BE-4CFB-94E6-E261162EED19}.Debug|Any CPU.ActiveCfg = Debug|Any CPU
		{D837C1F0-88BE-4CFB-94E6-E261162EED19}.Debug|Any CPU.Build.0 = Debug|Any CPU
		{D837C1F0-88BE-4CFB-94E6-E261162EED19}.Release|Any CPU.ActiveCfg = Release|Any CPU
		{D837C1F0-88BE-4CFB-94E6-E261162EED19}.Release|Any CPU.Build.0 = Release|Any CPU
		{BF27FFFC-2F75-42CC-ADA6-A530C24FCE36}.Debug|Any CPU.ActiveCfg = Debug|Any CPU
		{BF27FFFC-2F75-42CC-ADA6-A530C24FCE36}.Debug|Any CPU.Build.0 = Debug|Any CPU
		{BF27FFFC-2F75-42CC-ADA6-A530C24FCE36}.Release|Any CPU.ActiveCfg = Release|Any CPU
		{BF27FFFC-2F75-42CC-ADA6-A530C24FCE36}.Release|Any CPU.Build.0 = Release|Any CPU
		{801AD7FB-9A76-4904-9BD2-CC40C7061836}.Debug|Any CPU.ActiveCfg = Debug|Any CPU
		{801AD7FB-9A76-4904-9BD2-CC40C7061836}.Debug|Any CPU.Build.0 = Debug|Any CPU
		{801AD7FB-9A76-4904-9BD2-CC40C7061836}.Release|Any CPU.ActiveCfg = Release|Any CPU
		{801AD7FB-9A76-4904-9BD2-CC40C7061836}.Release|Any CPU.Build.0 = Release|Any CPU
		{70F2FD69-D61E-43B9-8A00-E63EEF5E76E2}.Debug|Any CPU.ActiveCfg = Debug|Any CPU
		{70F2FD69-D61E-43B9-8A00-E63EEF5E76E2}.Debug|Any CPU.Build.0 = Debug|Any CPU
		{70F2FD69-D61E-43B9-8A00-E63EEF5E76E2}.Release|Any CPU.ActiveCfg = Release|Any CPU
		{70F2FD69-D61E-43B9-8A00-E63EEF5E76E2}.Release|Any CPU.Build.0 = Release|Any CPU
	EndGlobalSection
	GlobalSection(SolutionProperties) = preSolution
		HideSolutionNode = FALSE
	EndGlobalSection
	GlobalSection(NestedProjects) = preSolution
		{BC1D2A3D-3EF6-4087-836A-C5C58862244C} = {F74F6461-8C49-44C0-A7DD-DBACB4D08A78}
		{96897FCC-82FB-44A3-B0F5-23E90F1DDC67} = {BC1D2A3D-3EF6-4087-836A-C5C58862244C}
		{C90CAD6F-950E-4CB1-8F5D-356C666CA1F1} = {BC1D2A3D-3EF6-4087-836A-C5C58862244C}
		{D837C1F0-88BE-4CFB-94E6-E261162EED19} = {F1E88D94-FD44-4A1F-A726-E8F08C3B48E5}
		{BF27FFFC-2F75-42CC-ADA6-A530C24FCE36} = {DC305ADF-2527-4E40-A602-1CF07686834C}
		{41B7CDD1-752E-4258-B221-88681E49E2CC} = {EFBA88A2-277C-4757-82C5-5108DBFFE1B0}
		{801AD7FB-9A76-4904-9BD2-CC40C7061836} = {41B7CDD1-752E-4258-B221-88681E49E2CC}
		{70F2FD69-D61E-43B9-8A00-E63EEF5E76E2} = {F1E88D94-FD44-4A1F-A726-E8F08C3B48E5}
	EndGlobalSection
	GlobalSection(ExtensibilityGlobals) = postSolution
		SolutionGuid = {B5F68CD9-5A89-4D1E-A117-973879EB3DB6}
	EndGlobalSection
EndGlobal
